
Microsoft Visual Studio Solution File, Format Version 12.00
# Visual Studio Version 17
VisualStudioVersion = 17.0.31903.59
MinimumVisualStudioVersion = 10.0.40219.1
Project("{FAE04EC0-301F-11D3-BF4B-00C04F79EFBC}") = "ClienteCadastro.Presentation", "ClienteCadastro.Presentation\ClienteCadastro.Presentation.csproj", "{7FA43C59-0DDD-4016-96CB-818FD607BA7B}"
EndProject
Project("{FAE04EC0-301F-11D3-BF4B-00C04F79EFBC}") = "ClienteCadastro.Application", "ClienteCadastro.Application\ClienteCadastro.Application.csproj", "{5D57AD20-CC13-433E-BBAB-2AA2629F1E12}"
EndProject
Project("{FAE04EC0-301F-11D3-BF4B-00C04F79EFBC}") = "ClienteCadastro.Domain", "ClienteCadastro.Domain\ClienteCadastro.Domain.csproj", "{D28B257E-F7F5-4036-B1A1-E4E28936FC59}"
EndProject
Project("{FAE04EC0-301F-11D3-BF4B-00C04F79EFBC}") = "ClienteCadastro.Infrastructure", "ClienteCadastro.Infrastructure\ClienteCadastro.Infrastructure.csproj", "{67E38A29-1D63-4C42-9A9F-F420549CC265}"
EndProject
Global
	GlobalSection(SolutionConfigurationPlatforms) = preSolution
		Debug|Any CPU = Debug|Any CPU
		Release|Any CPU = Release|Any CPU
	EndGlobalSection
	GlobalSection(SolutionProperties) = preSolution
		HideSolutionNode = FALSE
	EndGlobalSection
	GlobalSection(ProjectConfigurationPlatforms) = postSolution
		{7FA43C59-0DDD-4016-96CB-818FD607BA7B}.Debug|Any CPU.ActiveCfg = Debug|Any CPU
		{7FA43C59-0DDD-4016-96CB-818FD607BA7B}.Debug|Any CPU.Build.0 = Debug|Any CPU
		{7FA43C59-0DDD-4016-96CB-818FD607BA7B}.Release|Any CPU.ActiveCfg = Release|Any CPU
		{7FA43C59-0DDD-4016-96CB-818FD607BA7B}.Release|Any CPU.Build.0 = Release|Any CPU
		{5D57AD20-CC13-433E-BBAB-2AA2629F1E12}.Debug|Any CPU.ActiveCfg = Debug|Any CPU
		{5D57AD20-CC13-433E-BBAB-2AA2629F1E12}.Debug|Any CPU.Build.0 = Debug|Any CPU
		{5D57AD20-CC13-433E-BBAB-2AA2629F1E12}.Release|Any CPU.ActiveCfg = Release|Any CPU
		{5D57AD20-CC13-433E-BBAB-2AA2629F1E12}.Release|Any CPU.Build.0 = Release|Any CPU
		{D28B257E-F7F5-4036-B1A1-E4E28936FC59}.Debug|Any CPU.ActiveCfg = Debug|Any CPU
		{D28B257E-F7F5-4036-B1A1-E4E28936FC59}.Debug|Any CPU.Build.0 = Debug|Any CPU
		{D28B257E-F7F5-4036-B1A1-E4E28936FC59}.Release|Any CPU.ActiveCfg = Release|Any CPU
		{D28B257E-F7F5-4036-B1A1-E4E28936FC59}.Release|Any CPU.Build.0 = Release|Any CPU
		{67E38A29-1D63-4C42-9A9F-F420549CC265}.Debug|Any CPU.ActiveCfg = Debug|Any CPU
		{67E38A29-1D63-4C42-9A9F-F420549CC265}.Debug|Any CPU.Build.0 = Debug|Any CPU
		{67E38A29-1D63-4C42-9A9F-F420549CC265}.Release|Any CPU.ActiveCfg = Release|Any CPU
		{67E38A29-1D63-4C42-9A9F-F420549CC265}.Release|Any CPU.Build.0 = Release|Any CPU
	EndGlobalSection
EndGlobal
